// !$*UTF8*$!
{
	archiveVersion = 1;
	classes = {
	};
	objectVersion = 56;
	objects = {

/* Begin PBXBuildFile section */
		0AA7D7162A29A0D600B6F61F /* AppDelegate.swift in Sources */ = {isa = PBXBuildFile; fileRef = 0AA7D7152A29A0D600B6F61F /* AppDelegate.swift */; };
		0AA7D7182A29A0D600B6F61F /* SceneDelegate.swift in Sources */ = {isa = PBXBuildFile; fileRef = 0AA7D7172A29A0D600B6F61F /* SceneDelegate.swift */; };
		0AA7D71A2A29A0D600B6F61F /* ViewController.swift in Sources */ = {isa = PBXBuildFile; fileRef = 0AA7D7192A29A0D600B6F61F /* ViewController.swift */; };
		0AA7D71D2A29A0D600B6F61F /* Main.storyboard in Resources */ = {isa = PBXBuildFile; fileRef = 0AA7D71B2A29A0D600B6F61F /* Main.storyboard */; };
		0AA7D71F2A29A0D700B6F61F /* Assets.xcassets in Resources */ = {isa = PBXBuildFile; fileRef = 0AA7D71E2A29A0D700B6F61F /* Assets.xcassets */; };
		0AA7D7222A29A0D700B6F61F /* LaunchScreen.storyboard in Resources */ = {isa = PBXBuildFile; fileRef = 0AA7D7202A29A0D700B6F61F /* LaunchScreen.storyboard */; };
		0AA7D72D2A29A0D700B6F61F /* NewsReaderTests.swift in Sources */ = {isa = PBXBuildFile; fileRef = 0AA7D72C2A29A0D700B6F61F /* NewsReaderTests.swift */; };
		0AA7D7372A29A0D700B6F61F /* NewsReaderUITests.swift in Sources */ = {isa = PBXBuildFile; fileRef = 0AA7D7362A29A0D700B6F61F /* NewsReaderUITests.swift */; };
		0AA7D7392A29A0D700B6F61F /* NewsReaderUITestsLaunchTests.swift in Sources */ = {isa = PBXBuildFile; fileRef = 0AA7D7382A29A0D700B6F61F /* NewsReaderUITestsLaunchTests.swift */; };
/* End PBXBuildFile section */

/* Begin PBXContainerItemProxy section */
		0AA7D7292A29A0D700B6F61F /* PBXContainerItemProxy */ = {
			isa = PBXContainerItemProxy;
			containerPortal = 0AA7D70A2A29A0D600B6F61F /* Project object */;
			proxyType = 1;
			remoteGlobalIDString = 0AA7D7112A29A0D600B6F61F;
			remoteInfo = NewsReader;
		};
		0AA7D7332A29A0D700B6F61F /* PBXContainerItemProxy */ = {
			isa = PBXContainerItemProxy;
			containerPortal = 0AA7D70A2A29A0D600B6F61F /* Project object */;
			proxyType = 1;
			remoteGlobalIDString = 0AA7D7112A29A0D600B6F61F;
			remoteInfo = NewsReader;
		};
/* End PBXContainerItemProxy section */

/* Begin PBXFileReference section */
		0AA7D7122A29A0D600B6F61F /* NewsReader.app */ = {isa = PBXFileReference; explicitFileType = wrapper.application; includeInIndex = 0; path = NewsReader.app; sourceTree = BUILT_PRODUCTS_DIR; };
		0AA7D7152A29A0D600B6F61F /* AppDelegate.swift */ = {isa = PBXFileReference; lastKnownFileType = sourcecode.swift; path = AppDelegate.swift; sourceTree = "<group>"; };
		0AA7D7172A29A0D600B6F61F /* SceneDelegate.swift */ = {isa = PBXFileReference; lastKnownFileType = sourcecode.swift; path = SceneDelegate.swift; sourceTree = "<group>"; };
		0AA7D7192A29A0D600B6F61F /* ViewController.swift */ = {isa = PBXFileReference; lastKnownFileType = sourcecode.swift; path = ViewController.swift; sourceTree = "<group>"; };
		0AA7D71C2A29A0D600B6F61F /* Base */ = {isa = PBXFileReference; lastKnownFileType = file.storyboard; name = Base; path = Base.lproj/Main.storyboard; sourceTree = "<group>"; };
		0AA7D71E2A29A0D700B6F61F /* Assets.xcassets */ = {isa = PBXFileReference; lastKnownFileType = folder.assetcatalog; path = Assets.xcassets; sourceTree = "<group>"; };
		0AA7D7212A29A0D700B6F61F /* Base */ = {isa = PBXFileReference; lastKnownFileType = file.storyboard; name = Base; path = Base.lproj/LaunchScreen.storyboard; sourceTree = "<group>"; };
		0AA7D7232A29A0D700B6F61F /* Info.plist */ = {isa = PBXFileReference; lastKnownFileType = text.plist.xml; path = Info.plist; sourceTree = "<group>"; };
		0AA7D7282A29A0D700B6F61F /* NewsReaderTests.xctest */ = {isa = PBXFileReference; explicitFileType = wrapper.cfbundle; includeInIndex = 0; path = NewsReaderTests.xctest; sourceTree = BUILT_PRODUCTS_DIR; };
		0AA7D72C2A29A0D700B6F61F /* NewsReaderTests.swift */ = {isa = PBXFileReference; lastKnownFileType = sourcecode.swift; path = NewsReaderTests.swift; sourceTree = "<group>"; };
		0AA7D7322A29A0D700B6F61F /* NewsReaderUITests.xctest */ = {isa = PBXFileReference; explicitFileType = wrapper.cfbundle; includeInIndex = 0; path = NewsReaderUITests.xctest; sourceTree = BUILT_PRODUCTS_DIR; };
		0AA7D7362A29A0D700B6F61F /* NewsReaderUITests.swift */ = {isa = PBXFileReference; lastKnownFileType = sourcecode.swift; path = NewsReaderUITests.swift; sourceTree = "<group>"; };
		0AA7D7382A29A0D700B6F61F /* NewsReaderUITestsLaunchTests.swift */ = {isa = PBXFileReference; lastKnownFileType = sourcecode.swift; path = NewsReaderUITestsLaunchTests.swift; sourceTree = "<group>"; };
/* End PBXFileReference section */

/* Begin PBXFrameworksBuildPhase section */
		0AA7D70F2A29A0D600B6F61F /* Frameworks */ = {
			isa = PBXFrameworksBuildPhase;
			buildActionMask = 2147483647;
			files = (
			);
			runOnlyForDeploymentPostprocessing = 0;
		};
		0AA7D7252A29A0D700B6F61F /* Frameworks */ = {
			isa = PBXFrameworksBuildPhase;
			buildActionMask = 2147483647;
			files = (
			);
			runOnlyForDeploymentPostprocessing = 0;
		};
		0AA7D72F2A29A0D700B6F61F /* Frameworks */ = {
			isa = PBXFrameworksBuildPhase;
			buildActionMask = 2147483647;
			files = (
			);
			runOnlyForDeploymentPostprocessing = 0;
		};
/* End PBXFrameworksBuildPhase section */

/* Begin PBXGroup section */
		0AA7D7092A29A0D600B6F61F = {
			isa = PBXGroup;
			children = (
				0AA7D7142A29A0D600B6F61F /* NewsReader */,
				0AA7D72B2A29A0D700B6F61F /* NewsReaderTests */,
				0AA7D7352A29A0D700B6F61F /* NewsReaderUITests */,
				0AA7D7132A29A0D600B6F61F /* Products */,
			);
			sourceTree = "<group>";
		};
		0AA7D7132A29A0D600B6F61F /* Products */ = {
			isa = PBXGroup;
			children = (
				0AA7D7122A29A0D600B6F61F /* NewsReader.app */,
				0AA7D7282A29A0D700B6F61F /* NewsReaderTests.xctest */,
				0AA7D7322A29A0D700B6F61F /* NewsReaderUITests.xctest */,
			);
			name = Products;
			sourceTree = "<group>";
		};
		0AA7D7142A29A0D600B6F61F /* NewsReader */ = {
			isa = PBXGroup;
			children = (
				0AA7D74C2A29B87300B6F61F /* View */,
				0AA7D74B2A29B85500B6F61F /* Utils */,
				0AA7D74A2A29B84400B6F61F /* Model */,
				0AA7D7492A29B83B00B6F61F /* Network */,
				0AA7D7482A29B81A00B6F61F /* ViewModel */,
				0AA7D7472A29B64D00B6F61F /* Storyboard */,
				0AA7D7462A29B63D00B6F61F /* Controller */,
				0AA7D7452A29B62E00B6F61F /* Delegate */,
				0AA7D71E2A29A0D700B6F61F /* Assets.xcassets */,
				0AA7D7232A29A0D700B6F61F /* Info.plist */,
			);
			path = NewsReader;
			sourceTree = "<group>";
		};
		0AA7D72B2A29A0D700B6F61F /* NewsReaderTests */ = {
			isa = PBXGroup;
			children = (
				0AA7D72C2A29A0D700B6F61F /* NewsReaderTests.swift */,
			);
			path = NewsReaderTests;
			sourceTree = "<group>";
		};
		0AA7D7352A29A0D700B6F61F /* NewsReaderUITests */ = {
			isa = PBXGroup;
			children = (
				0AA7D7362A29A0D700B6F61F /* NewsReaderUITests.swift */,
				0AA7D7382A29A0D700B6F61F /* NewsReaderUITestsLaunchTests.swift */,
			);
			path = NewsReaderUITests;
			sourceTree = "<group>";
		};
		0AA7D7452A29B62E00B6F61F /* Delegate */ = {
			isa = PBXGroup;
			children = (
				0AA7D7152A29A0D600B6F61F /* AppDelegate.swift */,
				0AA7D7172A29A0D600B6F61F /* SceneDelegate.swift */,
			);
			path = Delegate;
			sourceTree = "<group>";
		};
		0AA7D7462A29B63D00B6F61F /* Controller */ = {
			isa = PBXGroup;
			children = (
				0AA7D7192A29A0D600B6F61F /* ViewController.swift */,
			);
			path = Controller;
			sourceTree = "<group>";
		};
		0AA7D7472A29B64D00B6F61F /* Storyboard */ = {
			isa = PBXGroup;
			children = (
				0AA7D71B2A29A0D600B6F61F /* Main.storyboard */,
				0AA7D7202A29A0D700B6F61F /* LaunchScreen.storyboard */,
			);
			path = Storyboard;
			sourceTree = "<group>";
		};
		0AA7D7482A29B81A00B6F61F /* ViewModel */ = {
			isa = PBXGroup;
			children = (
			);
			path = ViewModel;
			sourceTree = "<group>";
		};
		0AA7D7492A29B83B00B6F61F /* Network */ = {
			isa = PBXGroup;
			children = (
			);
			path = Network;
			sourceTree = "<group>";
		};
		0AA7D74A2A29B84400B6F61F /* Model */ = {
			isa = PBXGroup;
			children = (
			);
			path = Model;
			sourceTree = "<group>";
		};
		0AA7D74B2A29B85500B6F61F /* Utils */ = {
			isa = PBXGroup;
			children = (
			);
			path = Utils;
			sourceTree = "<group>";
		};
		0AA7D74C2A29B87300B6F61F /* View */ = {
			isa = PBXGroup;
			children = (
			);
			path = View;
			sourceTree = "<group>";
		};
/* End PBXGroup section */

/* Begin PBXNativeTarget section */
		0AA7D7112A29A0D600B6F61F /* NewsReader */ = {
			isa = PBXNativeTarget;
			buildConfigurationList = 0AA7D73C2A29A0D700B6F61F /* Build configuration list for PBXNativeTarget "NewsReader" */;
			buildPhases = (
				0AA7D70E2A29A0D600B6F61F /* Sources */,
				0AA7D70F2A29A0D600B6F61F /* Frameworks */,
				0AA7D7102A29A0D600B6F61F /* Resources */,
			);
			buildRules = (
			);
			dependencies = (
			);
			name = NewsReader;
			productName = NewsReader;
			productReference = 0AA7D7122A29A0D600B6F61F /* NewsReader.app */;
			productType = "com.apple.product-type.application";
		};
		0AA7D7272A29A0D700B6F61F /* NewsReaderTests */ = {
			isa = PBXNativeTarget;
			buildConfigurationList = 0AA7D73F2A29A0D700B6F61F /* Build configuration list for PBXNativeTarget "NewsReaderTests" */;
			buildPhases = (
				0AA7D7242A29A0D700B6F61F /* Sources */,
				0AA7D7252A29A0D700B6F61F /* Frameworks */,
				0AA7D7262A29A0D700B6F61F /* Resources */,
			);
			buildRules = (
			);
			dependencies = (
				0AA7D72A2A29A0D700B6F61F /* PBXTargetDependency */,
			);
			name = NewsReaderTests;
			productName = NewsReaderTests;
			productReference = 0AA7D7282A29A0D700B6F61F /* NewsReaderTests.xctest */;
			productType = "com.apple.product-type.bundle.unit-test";
		};
		0AA7D7312A29A0D700B6F61F /* NewsReaderUITests */ = {
			isa = PBXNativeTarget;
			buildConfigurationList = 0AA7D7422A29A0D700B6F61F /* Build configuration list for PBXNativeTarget "NewsReaderUITests" */;
			buildPhases = (
				0AA7D72E2A29A0D700B6F61F /* Sources */,
				0AA7D72F2A29A0D700B6F61F /* Frameworks */,
				0AA7D7302A29A0D700B6F61F /* Resources */,
			);
			buildRules = (
			);
			dependencies = (
				0AA7D7342A29A0D700B6F61F /* PBXTargetDependency */,
			);
			name = NewsReaderUITests;
			productName = NewsReaderUITests;
			productReference = 0AA7D7322A29A0D700B6F61F /* NewsReaderUITests.xctest */;
			productType = "com.apple.product-type.bundle.ui-testing";
		};
/* End PBXNativeTarget section */

/* Begin PBXProject section */
		0AA7D70A2A29A0D600B6F61F /* Project object */ = {
			isa = PBXProject;
			attributes = {
				BuildIndependentTargetsInParallel = 1;
				LastSwiftUpdateCheck = 1420;
				LastUpgradeCheck = 1420;
				TargetAttributes = {
					0AA7D7112A29A0D600B6F61F = {
						CreatedOnToolsVersion = 14.2;
					};
					0AA7D7272A29A0D700B6F61F = {
						CreatedOnToolsVersion = 14.2;
						TestTargetID = 0AA7D7112A29A0D600B6F61F;
					};
					0AA7D7312A29A0D700B6F61F = {
						CreatedOnToolsVersion = 14.2;
						TestTargetID = 0AA7D7112A29A0D600B6F61F;
					};
				};
			};
			buildConfigurationList = 0AA7D70D2A29A0D600B6F61F /* Build configuration list for PBXProject "NewsReader" */;
			compatibilityVersion = "Xcode 14.0";
			developmentRegion = en;
			hasScannedForEncodings = 0;
			knownRegions = (
				en,
				Base,
			);
			mainGroup = 0AA7D7092A29A0D600B6F61F;
			productRefGroup = 0AA7D7132A29A0D600B6F61F /* Products */;
			projectDirPath = "";
			projectRoot = "";
			targets = (
				0AA7D7112A29A0D600B6F61F /* NewsReader */,
				0AA7D7272A29A0D700B6F61F /* NewsReaderTests */,
				0AA7D7312A29A0D700B6F61F /* NewsReaderUITests */,
			);
		};
/* End PBXProject section */

/* Begin PBXResourcesBuildPhase section */
		0AA7D7102A29A0D600B6F61F /* Resources */ = {
			isa = PBXResourcesBuildPhase;
			buildActionMask = 2147483647;
			files = (
				0AA7D7222A29A0D700B6F61F /* LaunchScreen.storyboard in Resources */,
				0AA7D71F2A29A0D700B6F61F /* Assets.xcassets in Resources */,
				0AA7D71D2A29A0D600B6F61F /* Main.storyboard in Resources */,
			);
			runOnlyForDeploymentPostprocessing = 0;
		};
		0AA7D7262A29A0D700B6F61F /* Resources */ = {
			isa = PBXResourcesBuildPhase;
			buildActionMask = 2147483647;
			files = (
			);
			runOnlyForDeploymentPostprocessing = 0;
		};
		0AA7D7302A29A0D700B6F61F /* Resources */ = {
			isa = PBXResourcesBuildPhase;
			buildActionMask = 2147483647;
			files = (
			);
			runOnlyForDeploymentPostprocessing = 0;
		};
/* End PBXResourcesBuildPhase section */

/* Begin PBXSourcesBuildPhase section */
		0AA7D70E2A29A0D600B6F61F /* Sources */ = {
			isa = PBXSourcesBuildPhase;
			buildActionMask = 2147483647;
			files = (
				0AA7D71A2A29A0D600B6F61F /* ViewController.swift in Sources */,
				0AA7D7162A29A0D600B6F61F /* AppDelegate.swift in Sources */,
				0AA7D7182A29A0D600B6F61F /* SceneDelegate.swift in Sources */,
			);
			runOnlyForDeploymentPostprocessing = 0;
		};
		0AA7D7242A29A0D700B6F61F /* Sources */ = {
			isa = PBXSourcesBuildPhase;
			buildActionMask = 2147483647;
			files = (
				0AA7D72D2A29A0D700B6F61F /* NewsReaderTests.swift in Sources */,
			);
			runOnlyForDeploymentPostprocessing = 0;
		};
		0AA7D72E2A29A0D700B6F61F /* Sources */ = {
			isa = PBXSourcesBuildPhase;
			buildActionMask = 2147483647;
			files = (
				0AA7D7392A29A0D700B6F61F /* NewsReaderUITestsLaunchTests.swift in Sources */,
				0AA7D7372A29A0D700B6F61F /* NewsReaderUITests.swift in Sources */,
			);
			runOnlyForDeploymentPostprocessing = 0;
		};
/* End PBXSourcesBuildPhase section */

/* Begin PBXTargetDependency section */
		0AA7D72A2A29A0D700B6F61F /* PBXTargetDependency */ = {
			isa = PBXTargetDependency;
			target = 0AA7D7112A29A0D600B6F61F /* NewsReader */;
			targetProxy = 0AA7D7292A29A0D700B6F61F /* PBXContainerItemProxy */;
		};
		0AA7D7342A29A0D700B6F61F /* PBXTargetDependency */ = {
			isa = PBXTargetDependency;
			target = 0AA7D7112A29A0D600B6F61F /* NewsReader */;
			targetProxy = 0AA7D7332A29A0D700B6F61F /* PBXContainerItemProxy */;
		};
/* End PBXTargetDependency section */

/* Begin PBXVariantGroup section */
		0AA7D71B2A29A0D600B6F61F /* Main.storyboard */ = {
			isa = PBXVariantGroup;
			children = (
				0AA7D71C2A29A0D600B6F61F /* Base */,
			);
			name = Main.storyboard;
			sourceTree = "<group>";
		};
		0AA7D7202A29A0D700B6F61F /* LaunchScreen.storyboard */ = {
			isa = PBXVariantGroup;
			children = (
				0AA7D7212A29A0D700B6F61F /* Base */,
			);
			name = LaunchScreen.storyboard;
			sourceTree = "<group>";
		};
/* End PBXVariantGroup section */

/* Begin XCBuildConfiguration section */
		0AA7D73A2A29A0D700B6F61F /* Debug */ = {
			isa = XCBuildConfiguration;
			buildSettings = {
				ALWAYS_SEARCH_USER_PATHS = NO;
				CLANG_ANALYZER_NONNULL = YES;
				CLANG_ANALYZER_NUMBER_OBJECT_CONVERSION = YES_AGGRESSIVE;
				CLANG_CXX_LANGUAGE_STANDARD = "gnu++20";
				CLANG_ENABLE_MODULES = YES;
				CLANG_ENABLE_OBJC_ARC = YES;
				CLANG_ENABLE_OBJC_WEAK = YES;
				CLANG_WARN_BLOCK_CAPTURE_AUTORELEASING = YES;
				CLANG_WARN_BOOL_CONVERSION = YES;
				CLANG_WARN_COMMA = YES;
				CLANG_WARN_CONSTANT_CONVERSION = YES;
				CLANG_WARN_DEPRECATED_OBJC_IMPLEMENTATIONS = YES;
				CLANG_WARN_DIRECT_OBJC_ISA_USAGE = YES_ERROR;
				CLANG_WARN_DOCUMENTATION_COMMENTS = YES;
				CLANG_WARN_EMPTY_BODY = YES;
				CLANG_WARN_ENUM_CONVERSION = YES;
				CLANG_WARN_INFINITE_RECURSION = YES;
				CLANG_WARN_INT_CONVERSION = YES;
				CLANG_WARN_NON_LITERAL_NULL_CONVERSION = YES;
				CLANG_WARN_OBJC_IMPLICIT_RETAIN_SELF = YES;
				CLANG_WARN_OBJC_LITERAL_CONVERSION = YES;
				CLANG_WARN_OBJC_ROOT_CLASS = YES_ERROR;
				CLANG_WARN_QUOTED_INCLUDE_IN_FRAMEWORK_HEADER = YES;
				CLANG_WARN_RANGE_LOOP_ANALYSIS = YES;
				CLANG_WARN_STRICT_PROTOTYPES = YES;
				CLANG_WARN_SUSPICIOUS_MOVE = YES;
				CLANG_WARN_UNGUARDED_AVAILABILITY = YES_AGGRESSIVE;
				CLANG_WARN_UNREACHABLE_CODE = YES;
				CLANG_WARN__DUPLICATE_METHOD_MATCH = YES;
				COPY_PHASE_STRIP = NO;
				DEBUG_INFORMATION_FORMAT = dwarf;
				ENABLE_STRICT_OBJC_MSGSEND = YES;
				ENABLE_TESTABILITY = YES;
				GCC_C_LANGUAGE_STANDARD = gnu11;
				GCC_DYNAMIC_NO_PIC = NO;
				GCC_NO_COMMON_BLOCKS = YES;
				GCC_OPTIMIZATION_LEVEL = 0;
				GCC_PREPROCESSOR_DEFINITIONS = (
					"DEBUG=1",
					"$(inherited)",
				);
				GCC_WARN_64_TO_32_BIT_CONVERSION = YES;
				GCC_WARN_ABOUT_RETURN_TYPE = YES_ERROR;
				GCC_WARN_UNDECLARED_SELECTOR = YES;
				GCC_WARN_UNINITIALIZED_AUTOS = YES_AGGRESSIVE;
				GCC_WARN_UNUSED_FUNCTION = YES;
				GCC_WARN_UNUSED_VARIABLE = YES;
				IPHONEOS_DEPLOYMENT_TARGET = 16.2;
				MTL_ENABLE_DEBUG_INFO = INCLUDE_SOURCE;
				MTL_FAST_MATH = YES;
				ONLY_ACTIVE_ARCH = YES;
				SDKROOT = iphoneos;
				SWIFT_ACTIVE_COMPILATION_CONDITIONS = DEBUG;
				SWIFT_OPTIMIZATION_LEVEL = "-Onone";
			};
			name = Debug;
		};
		0AA7D73B2A29A0D700B6F61F /* Release */ = {
			isa = XCBuildConfiguration;
			buildSettings = {
				ALWAYS_SEARCH_USER_PATHS = NO;
				CLANG_ANALYZER_NONNULL = YES;
				CLANG_ANALYZER_NUMBER_OBJECT_CONVERSION = YES_AGGRESSIVE;
				CLANG_CXX_LANGUAGE_STANDARD = "gnu++20";
				CLANG_ENABLE_MODULES = YES;
				CLANG_ENABLE_OBJC_ARC = YES;
				CLANG_ENABLE_OBJC_WEAK = YES;
				CLANG_WARN_BLOCK_CAPTURE_AUTORELEASING = YES;
				CLANG_WARN_BOOL_CONVERSION = YES;
				CLANG_WARN_COMMA = YES;
				CLANG_WARN_CONSTANT_CONVERSION = YES;
				CLANG_WARN_DEPRECATED_OBJC_IMPLEMENTATIONS = YES;
				CLANG_WARN_DIRECT_OBJC_ISA_USAGE = YES_ERROR;
				CLANG_WARN_DOCUMENTATION_COMMENTS = YES;
				CLANG_WARN_EMPTY_BODY = YES;
				CLANG_WARN_ENUM_CONVERSION = YES;
				CLANG_WARN_INFINITE_RECURSION = YES;
				CLANG_WARN_INT_CONVERSION = YES;
				CLANG_WARN_NON_LITERAL_NULL_CONVERSION = YES;
				CLANG_WARN_OBJC_IMPLICIT_RETAIN_SELF = YES;
				CLANG_WARN_OBJC_LITERAL_CONVERSION = YES;
				CLANG_WARN_OBJC_ROOT_CLASS = YES_ERROR;
				CLANG_WARN_QUOTED_INCLUDE_IN_FRAMEWORK_HEADER = YES;
				CLANG_WARN_RANGE_LOOP_ANALYSIS = YES;
				CLANG_WARN_STRICT_PROTOTYPES = YES;
				CLANG_WARN_SUSPICIOUS_MOVE = YES;
				CLANG_WARN_UNGUARDED_AVAILABILITY = YES_AGGRESSIVE;
				CLANG_WARN_UNREACHABLE_CODE = YES;
				CLANG_WARN__DUPLICATE_METHOD_MATCH = YES;
				COPY_PHASE_STRIP = NO;
				DEBUG_INFORMATION_FORMAT = "dwarf-with-dsym";
				ENABLE_NS_ASSERTIONS = NO;
				ENABLE_STRICT_OBJC_MSGSEND = YES;
				GCC_C_LANGUAGE_STANDARD = gnu11;
				GCC_NO_COMMON_BLOCKS = YES;
				GCC_WARN_64_TO_32_BIT_CONVERSION = YES;
				GCC_WARN_ABOUT_RETURN_TYPE = YES_ERROR;
				GCC_WARN_UNDECLARED_SELECTOR = YES;
				GCC_WARN_UNINITIALIZED_AUTOS = YES_AGGRESSIVE;
				GCC_WARN_UNUSED_FUNCTION = YES;
				GCC_WARN_UNUSED_VARIABLE = YES;
				IPHONEOS_DEPLOYMENT_TARGET = 16.2;
				MTL_ENABLE_DEBUG_INFO = NO;
				MTL_FAST_MATH = YES;
				SDKROOT = iphoneos;
				SWIFT_COMPILATION_MODE = wholemodule;
				SWIFT_OPTIMIZATION_LEVEL = "-O";
				VALIDATE_PRODUCT = YES;
			};
			name = Release;
		};
		0AA7D73D2A29A0D700B6F61F /* Debug */ = {
			isa = XCBuildConfiguration;
			buildSettings = {
				ASSETCATALOG_COMPILER_APPICON_NAME = AppIcon;
				ASSETCATALOG_COMPILER_GLOBAL_ACCENT_COLOR_NAME = AccentColor;
				CODE_SIGN_STYLE = Automatic;
				CURRENT_PROJECT_VERSION = 1;
				GENERATE_INFOPLIST_FILE = YES;
				INFOPLIST_FILE = NewsReader/Info.plist;
				INFOPLIST_KEY_UIApplicationSupportsIndirectInputEvents = YES;
				INFOPLIST_KEY_UILaunchStoryboardName = LaunchScreen;
				INFOPLIST_KEY_UIMainStoryboardFile = Main;
				INFOPLIST_KEY_UISupportedInterfaceOrientations_iPad = "UIInterfaceOrientationPortrait UIInterfaceOrientationPortraitUpsideDown UIInterfaceOrientationLandscapeLeft UIInterfaceOrientationLandscapeRight";
				INFOPLIST_KEY_UISupportedInterfaceOrientations_iPhone = "UIInterfaceOrientationPortrait UIInterfaceOrientationLandscapeLeft UIInterfaceOrientationLandscapeRight";
				LD_RUNPATH_SEARCH_PATHS = (
					"$(inherited)",
					"@executable_path/Frameworks",
				);
				MARKETING_VERSION = 1.0;
				PRODUCT_BUNDLE_IDENTIFIER = com.VT.NewsReader;
				PRODUCT_NAME = "$(TARGET_NAME)";
				SWIFT_EMIT_LOC_STRINGS = YES;
				SWIFT_VERSION = 5.0;
				TARGETED_DEVICE_FAMILY = "1,2";
			};
			name = Debug;
		};
		0AA7D73E2A29A0D700B6F61F /* Release */ = {
			isa = XCBuildConfiguration;
			buildSettings = {
				ASSETCATALOG_COMPILER_APPICON_NAME = AppIcon;
				ASSETCATALOG_COMPILER_GLOBAL_ACCENT_COLOR_NAME = AccentColor;
				CODE_SIGN_STYLE = Automatic;
				CURRENT_PROJECT_VERSION = 1;
				GENERATE_INFOPLIST_FILE = YES;
				INFOPLIST_FILE = NewsReader/Info.plist;
				INFOPLIST_KEY_UIApplicationSupportsIndirectInputEvents = YES;
				INFOPLIST_KEY_UILaunchStoryboardName = LaunchScreen;
				INFOPLIST_KEY_UIMainStoryboardFile = Main;
				INFOPLIST_KEY_UISupportedInterfaceOrientations_iPad = "UIInterfaceOrientationPortrait UIInterfaceOrientationPortraitUpsideDown UIInterfaceOrientationLandscapeLeft UIInterfaceOrientationLandscapeRight";
				INFOPLIST_KEY_UISupportedInterfaceOrientations_iPhone = "UIInterfaceOrientationPortrait UIInterfaceOrientationLandscapeLeft UIInterfaceOrientationLandscapeRight";
				LD_RUNPATH_SEARCH_PATHS = (
					"$(inherited)",
					"@executable_path/Frameworks",
				);
				MARKETING_VERSION = 1.0;
				PRODUCT_BUNDLE_IDENTIFIER = com.VT.NewsReader;
				PRODUCT_NAME = "$(TARGET_NAME)";
				SWIFT_EMIT_LOC_STRINGS = YES;
				SWIFT_VERSION = 5.0;
				TARGETED_DEVICE_FAMILY = "1,2";
			};
			name = Release;
		};
		0AA7D7402A29A0D700B6F61F /* Debug */ = {
			isa = XCBuildConfiguration;
			buildSettings = {
				ALWAYS_EMBED_SWIFT_STANDARD_LIBRARIES = YES;
				BUNDLE_LOADER = "$(TEST_HOST)";
				CODE_SIGN_STYLE = Automatic;
				CURRENT_PROJECT_VERSION = 1;
				GENERATE_INFOPLIST_FILE = YES;
				IPHONEOS_DEPLOYMENT_TARGET = 16.2;
				MARKETING_VERSION = 1.0;
				PRODUCT_BUNDLE_IDENTIFIER = com.VT.NewsReaderTests;
				PRODUCT_NAME = "$(TARGET_NAME)";
				SWIFT_EMIT_LOC_STRINGS = NO;
				SWIFT_VERSION = 5.0;
				TARGETED_DEVICE_FAMILY = "1,2";
				TEST_HOST = "$(BUILT_PRODUCTS_DIR)/NewsReader.app/$(BUNDLE_EXECUTABLE_FOLDER_PATH)/NewsReader";
			};
			name = Debug;
		};
		0AA7D7412A29A0D700B6F61F /* Release */ = {
			isa = XCBuildConfiguration;
			buildSettings = {
				ALWAYS_EMBED_SWIFT_STANDARD_LIBRARIES = YES;
				BUNDLE_LOADER = "$(TEST_HOST)";
				CODE_SIGN_STYLE = Automatic;
				CURRENT_PROJECT_VERSION = 1;
				GENERATE_INFOPLIST_FILE = YES;
				IPHONEOS_DEPLOYMENT_TARGET = 16.2;
				MARKETING_VERSION = 1.0;
				PRODUCT_BUNDLE_IDENTIFIER = com.VT.NewsReaderTests;
				PRODUCT_NAME = "$(TARGET_NAME)";
				SWIFT_EMIT_LOC_STRINGS = NO;
				SWIFT_VERSION = 5.0;
				TARGETED_DEVICE_FAMILY = "1,2";
				TEST_HOST = "$(BUILT_PRODUCTS_DIR)/NewsReader.app/$(BUNDLE_EXECUTABLE_FOLDER_PATH)/NewsReader";
			};
			name = Release;
		};
		0AA7D7432A29A0D700B6F61F /* Debug */ = {
			isa = XCBuildConfiguration;
			buildSettings = {
				ALWAYS_EMBED_SWIFT_STANDARD_LIBRARIES = YES;
				CODE_SIGN_STYLE = Automatic;
				CURRENT_PROJECT_VERSION = 1;
				GENERATE_INFOPLIST_FILE = YES;
				MARKETING_VERSION = 1.0;
				PRODUCT_BUNDLE_IDENTIFIER = com.VT.NewsReaderUITests;
				PRODUCT_NAME = "$(TARGET_NAME)";
				SWIFT_EMIT_LOC_STRINGS = NO;
				SWIFT_VERSION = 5.0;
				TARGETED_DEVICE_FAMILY = "1,2";
				TEST_TARGET_NAME = NewsReader;
			};
			name = Debug;
		};
		0AA7D7442A29A0D700B6F61F /* Release */ = {
			isa = XCBuildConfiguration;
			buildSettings = {
				ALWAYS_EMBED_SWIFT_STANDARD_LIBRARIES = YES;
				CODE_SIGN_STYLE = Automatic;
				CURRENT_PROJECT_VERSION = 1;
				GENERATE_INFOPLIST_FILE = YES;
				MARKETING_VERSION = 1.0;
				PRODUCT_BUNDLE_IDENTIFIER = com.VT.NewsReaderUITests;
				PRODUCT_NAME = "$(TARGET_NAME)";
				SWIFT_EMIT_LOC_STRINGS = NO;
				SWIFT_VERSION = 5.0;
				TARGETED_DEVICE_FAMILY = "1,2";
				TEST_TARGET_NAME = NewsReader;
			};
			name = Release;
		};
/* End XCBuildConfiguration section */

/* Begin XCConfigurationList section */
		0AA7D70D2A29A0D600B6F61F /* Build configuration list for PBXProject "NewsReader" */ = {
			isa = XCConfigurationList;
			buildConfigurations = (
				0AA7D73A2A29A0D700B6F61F /* Debug */,
				0AA7D73B2A29A0D700B6F61F /* Release */,
			);
			defaultConfigurationIsVisible = 0;
			defaultConfigurationName = Release;
		};
		0AA7D73C2A29A0D700B6F61F /* Build configuration list for PBXNativeTarget "NewsReader" */ = {
			isa = XCConfigurationList;
			buildConfigurations = (
				0AA7D73D2A29A0D700B6F61F /* Debug */,
				0AA7D73E2A29A0D700B6F61F /* Release */,
			);
			defaultConfigurationIsVisible = 0;
			defaultConfigurationName = Release;
		};
		0AA7D73F2A29A0D700B6F61F /* Build configuration list for PBXNativeTarget "NewsReaderTests" */ = {
			isa = XCConfigurationList;
			buildConfigurations = (
				0AA7D7402A29A0D700B6F61F /* Debug */,
				0AA7D7412A29A0D700B6F61F /* Release */,
			);
			defaultConfigurationIsVisible = 0;
			defaultConfigurationName = Release;
		};
		0AA7D7422A29A0D700B6F61F /* Build configuration list for PBXNativeTarget "NewsReaderUITests" */ = {
			isa = XCConfigurationList;
			buildConfigurations = (
				0AA7D7432A29A0D700B6F61F /* Debug */,
				0AA7D7442A29A0D700B6F61F /* Release */,
			);
			defaultConfigurationIsVisible = 0;
			defaultConfigurationName = Release;
		};
/* End XCConfigurationList section */
	};
	rootObject = 0AA7D70A2A29A0D600B6F61F /* Project object */;
}
